// !$*UTF8*$!
{
	archiveVersion = 1;
	classes = {
	};
	objectVersion = 46;
	objects = {

/* Begin PBXBuildFile section */
		B088B1E41620784100A8F7C8 /* Inactive Coal.png in Resources */ = {isa = PBXBuildFile; fileRef = B088B1DF1620784100A8F7C8 /* Inactive Coal.png */; };
		B088B1E51620784100A8F7C8 /* Inactive Diamond.png in Resources */ = {isa = PBXBuildFile; fileRef = B088B1E01620784100A8F7C8 /* Inactive Diamond.png */; };
		B088B1E61620784100A8F7C8 /* Inactive Gold.png in Resources */ = {isa = PBXBuildFile; fileRef = B088B1E11620784100A8F7C8 /* Inactive Gold.png */; };
		B088B1E71620784100A8F7C8 /* Inactive Neutral.png in Resources */ = {isa = PBXBuildFile; fileRef = B088B1E21620784100A8F7C8 /* Inactive Neutral.png */; };
		B088B1E81620784100A8F7C8 /* Inactive Silica.png in Resources */ = {isa = PBXBuildFile; fileRef = B088B1E31620784100A8F7C8 /* Inactive Silica.png */; };
		B088B1EC16207BE100A8F7C8 /* Diamond Background.png in Resources */ = {isa = PBXBuildFile; fileRef = B088B1E916207BE100A8F7C8 /* Diamond Background.png */; };
		B088B1ED16207BE100A8F7C8 /* Gold Background.png in Resources */ = {isa = PBXBuildFile; fileRef = B088B1EA16207BE100A8F7C8 /* Gold Background.png */; };
		B088B1EE16207BE100A8F7C8 /* Coal Background.png in Resources */ = {isa = PBXBuildFile; fileRef = B088B1EB16207BE100A8F7C8 /* Coal Background.png */; };
		B088B1F01620930800A8F7C8 /* Active Coal.png in Resources */ = {isa = PBXBuildFile; fileRef = B088B1EF1620930800A8F7C8 /* Active Coal.png */; };
		B088B200162099BD00A8F7C8 /* simpsoci_coal_tile_apear_anim_v001013.png in Resources */ = {isa = PBXBuildFile; fileRef = B088B1F2162099BD00A8F7C8 /* simpsoci_coal_tile_apear_anim_v001013.png */; };
		B088B201162099BD00A8F7C8 /* simpsoci_coal_tile_apear_anim_v001000.png in Resources */ = {isa = PBXBuildFile; fileRef = B088B1F3162099BD00A8F7C8 /* simpsoci_coal_tile_apear_anim_v001000.png */; };
		B088B202162099BD00A8F7C8 /* simpsoci_coal_tile_apear_anim_v001001.png in Resources */ = {isa = PBXBuildFile; fileRef = B088B1F4162099BD00A8F7C8 /* simpsoci_coal_tile_apear_anim_v001001.png */; };
		B088B203162099BD00A8F7C8 /* simpsoci_coal_tile_apear_anim_v001002.png in Resources */ = {isa = PBXBuildFile; fileRef = B088B1F5162099BD00A8F7C8 /* simpsoci_coal_tile_apear_anim_v001002.png */; };
		B088B204162099BD00A8F7C8 /* simpsoci_coal_tile_apear_anim_v001003.png in Resources */ = {isa = PBXBuildFile; fileRef = B088B1F6162099BD00A8F7C8 /* simpsoci_coal_tile_apear_anim_v001003.png */; };
		B088B205162099BD00A8F7C8 /* simpsoci_coal_tile_apear_anim_v001004.png in Resources */ = {isa = PBXBuildFile; fileRef = B088B1F7162099BD00A8F7C8 /* simpsoci_coal_tile_apear_anim_v001004.png */; };
		B088B206162099BD00A8F7C8 /* simpsoci_coal_tile_apear_anim_v001005.png in Resources */ = {isa = PBXBuildFile; fileRef = B088B1F8162099BD00A8F7C8 /* simpsoci_coal_tile_apear_anim_v001005.png */; };
		B088B207162099BD00A8F7C8 /* simpsoci_coal_tile_apear_anim_v001006.png in Resources */ = {isa = PBXBuildFile; fileRef = B088B1F9162099BD00A8F7C8 /* simpsoci_coal_tile_apear_anim_v001006.png */; };
		B088B208162099BD00A8F7C8 /* simpsoci_coal_tile_apear_anim_v001007.png in Resources */ = {isa = PBXBuildFile; fileRef = B088B1FA162099BD00A8F7C8 /* simpsoci_coal_tile_apear_anim_v001007.png */; };
		B088B209162099BD00A8F7C8 /* simpsoci_coal_tile_apear_anim_v001008.png in Resources */ = {isa = PBXBuildFile; fileRef = B088B1FB162099BD00A8F7C8 /* simpsoci_coal_tile_apear_anim_v001008.png */; };
		B088B20A162099BD00A8F7C8 /* simpsoci_coal_tile_apear_anim_v001009.png in Resources */ = {isa = PBXBuildFile; fileRef = B088B1FC162099BD00A8F7C8 /* simpsoci_coal_tile_apear_anim_v001009.png */; };
		B088B20B162099BD00A8F7C8 /* simpsoci_coal_tile_apear_anim_v001010.png in Resources */ = {isa = PBXBuildFile; fileRef = B088B1FD162099BD00A8F7C8 /* simpsoci_coal_tile_apear_anim_v001010.png */; };
		B088B20C162099BD00A8F7C8 /* simpsoci_coal_tile_apear_anim_v001011.png in Resources */ = {isa = PBXBuildFile; fileRef = B088B1FE162099BD00A8F7C8 /* simpsoci_coal_tile_apear_anim_v001011.png */; };
		B088B20D162099BD00A8F7C8 /* simpsoci_coal_tile_apear_anim_v001012.png in Resources */ = {isa = PBXBuildFile; fileRef = B088B1FF162099BD00A8F7C8 /* simpsoci_coal_tile_apear_anim_v001012.png */; };
		B088B22516209B6B00A8F7C8 /* simpsoci_coal_tile_apear_anim_v01_000.png in Resources */ = {isa = PBXBuildFile; fileRef = B088B20E16209B5F00A8F7C8 /* simpsoci_coal_tile_apear_anim_v01_000.png */; };
		B088B22616209B6B00A8F7C8 /* simpsoci_coal_tile_apear_anim_v01_001.png in Resources */ = {isa = PBXBuildFile; fileRef = B088B20F16209B5F00A8F7C8 /* simpsoci_coal_tile_apear_anim_v01_001.png */; };
		B088B22716209B6B00A8F7C8 /* simpsoci_coal_tile_apear_anim_v01_002.png in Resources */ = {isa = PBXBuildFile; fileRef = B088B21016209B6000A8F7C8 /* simpsoci_coal_tile_apear_anim_v01_002.png */; };
		B088B22816209B6B00A8F7C8 /* simpsoci_coal_tile_apear_anim_v01_003.png in Resources */ = {isa = PBXBuildFile; fileRef = B088B21116209B6100A8F7C8 /* simpsoci_coal_tile_apear_anim_v01_003.png */; };
		B088B22916209B6B00A8F7C8 /* simpsoci_coal_tile_apear_anim_v01_004.png in Resources */ = {isa = PBXBuildFile; fileRef = B088B21216209B6100A8F7C8 /* simpsoci_coal_tile_apear_anim_v01_004.png */; };
		B088B22A16209B6B00A8F7C8 /* simpsoci_coal_tile_apear_anim_v01_005.png in Resources */ = {isa = PBXBuildFile; fileRef = B088B21316209B6200A8F7C8 /* simpsoci_coal_tile_apear_anim_v01_005.png */; };
		B088B22B16209B6B00A8F7C8 /* simpsoci_coal_tile_apear_anim_v01_006.png in Resources */ = {isa = PBXBuildFile; fileRef = B088B21416209B6200A8F7C8 /* simpsoci_coal_tile_apear_anim_v01_006.png */; };
		B088B22C16209B6B00A8F7C8 /* simpsoci_coal_tile_apear_anim_v01_007.png in Resources */ = {isa = PBXBuildFile; fileRef = B088B21516209B6300A8F7C8 /* simpsoci_coal_tile_apear_anim_v01_007.png */; };
		B088B22D16209B6B00A8F7C8 /* simpsoci_coal_tile_apear_anim_v01_008.png in Resources */ = {isa = PBXBuildFile; fileRef = B088B21616209B6300A8F7C8 /* simpsoci_coal_tile_apear_anim_v01_008.png */; };
		B088B22E16209B6B00A8F7C8 /* simpsoci_coal_tile_apear_anim_v01_009.png in Resources */ = {isa = PBXBuildFile; fileRef = B088B21716209B6400A8F7C8 /* simpsoci_coal_tile_apear_anim_v01_009.png */; };
		B088B22F16209B6B00A8F7C8 /* simpsoci_coal_tile_apear_anim_v01_010.png in Resources */ = {isa = PBXBuildFile; fileRef = B088B21816209B6500A8F7C8 /* simpsoci_coal_tile_apear_anim_v01_010.png */; };
		B088B23016209B6B00A8F7C8 /* simpsoci_coal_tile_apear_anim_v01_011.png in Resources */ = {isa = PBXBuildFile; fileRef = B088B21916209B6500A8F7C8 /* simpsoci_coal_tile_apear_anim_v01_011.png */; };
		B088B23116209B6B00A8F7C8 /* simpsoci_coal_tile_apear_anim_v01_012.png in Resources */ = {isa = PBXBuildFile; fileRef = B088B21A16209B6600A8F7C8 /* simpsoci_coal_tile_apear_anim_v01_012.png */; };
		B088B23216209B6B00A8F7C8 /* simpsoci_coal_tile_apear_anim_v01_013.png in Resources */ = {isa = PBXBuildFile; fileRef = B088B21B16209B6600A8F7C8 /* simpsoci_coal_tile_apear_anim_v01_013.png */; };
		B088B23316209B6B00A8F7C8 /* simpsoci_coal_tile_apear_anim_v01_014.png in Resources */ = {isa = PBXBuildFile; fileRef = B088B21C16209B6700A8F7C8 /* simpsoci_coal_tile_apear_anim_v01_014.png */; };
		B088B23416209B6B00A8F7C8 /* simpsoci_coal_tile_apear_anim_v01_015.png in Resources */ = {isa = PBXBuildFile; fileRef = B088B21D16209B6700A8F7C8 /* simpsoci_coal_tile_apear_anim_v01_015.png */; };
		B088B23516209B6B00A8F7C8 /* simpsoci_coal_tile_apear_anim_v01_016.png in Resources */ = {isa = PBXBuildFile; fileRef = B088B21E16209B6800A8F7C8 /* simpsoci_coal_tile_apear_anim_v01_016.png */; };
		B088B23616209B6B00A8F7C8 /* simpsoci_coal_tile_apear_anim_v01_017.png in Resources */ = {isa = PBXBuildFile; fileRef = B088B21F16209B6800A8F7C8 /* simpsoci_coal_tile_apear_anim_v01_017.png */; };
		B088B23716209B6B00A8F7C8 /* simpsoci_coal_tile_apear_anim_v01_018.png in Resources */ = {isa = PBXBuildFile; fileRef = B088B22016209B6800A8F7C8 /* simpsoci_coal_tile_apear_anim_v01_018.png */; };
		B088B23816209B6B00A8F7C8 /* simpsoci_coal_tile_apear_anim_v01_019.png in Resources */ = {isa = PBXBuildFile; fileRef = B088B22116209B6900A8F7C8 /* simpsoci_coal_tile_apear_anim_v01_019.png */; };
		B088B23916209B6B00A8F7C8 /* simpsoci_coal_tile_apear_anim_v01_020.png in Resources */ = {isa = PBXBuildFile; fileRef = B088B22216209B6900A8F7C8 /* simpsoci_coal_tile_apear_anim_v01_020.png */; };
		B088B23A16209B6B00A8F7C8 /* simpsoci_coal_tile_apear_anim_v01_021.png in Resources */ = {isa = PBXBuildFile; fileRef = B088B22316209B6900A8F7C8 /* simpsoci_coal_tile_apear_anim_v01_021.png */; };
		B088B23B16209B6B00A8F7C8 /* simpsoci_coal_tile_apear_anim_v01_022.png in Resources */ = {isa = PBXBuildFile; fileRef = B088B22416209B6A00A8F7C8 /* simpsoci_coal_tile_apear_anim_v01_022.png */; };
		B0CB261B15F505A600CFC943 /* GameScreenViewController.m in Sources */ = {isa = PBXBuildFile; fileRef = B0CB261A15F505A600CFC943 /* GameScreenViewController.m */; };
		B13B30F415D0C7BF003A4E89 /* UIKit.framework in Frameworks */ = {isa = PBXBuildFile; fileRef = B13B30F315D0C7BF003A4E89 /* UIKit.framework */; };
		B13B30F615D0C7BF003A4E89 /* Foundation.framework in Frameworks */ = {isa = PBXBuildFile; fileRef = B13B30F515D0C7BF003A4E89 /* Foundation.framework */; };
		B13B30F815D0C7BF003A4E89 /* CoreGraphics.framework in Frameworks */ = {isa = PBXBuildFile; fileRef = B13B30F715D0C7BF003A4E89 /* CoreGraphics.framework */; };
		B13B30FE15D0C7BF003A4E89 /* InfoPlist.strings in Resources */ = {isa = PBXBuildFile; fileRef = B13B30FC15D0C7BF003A4E89 /* InfoPlist.strings */; };
		B13B310015D0C7BF003A4E89 /* main.m in Sources */ = {isa = PBXBuildFile; fileRef = B13B30FF15D0C7BF003A4E89 /* main.m */; };
		B13B310415D0C7BF003A4E89 /* SSIGameAppDelegate.m in Sources */ = {isa = PBXBuildFile; fileRef = B13B310315D0C7BF003A4E89 /* SSIGameAppDelegate.m */; };
		B13B310715D0C7BF003A4E89 /* MainStoryboard_iPhone.storyboard in Resources */ = {isa = PBXBuildFile; fileRef = B13B310515D0C7BF003A4E89 /* MainStoryboard_iPhone.storyboard */; };
		B13B310A15D0C7BF003A4E89 /* MainStoryboard_iPad.storyboard in Resources */ = {isa = PBXBuildFile; fileRef = B13B310815D0C7BF003A4E89 /* MainStoryboard_iPad.storyboard */; };
		B1C7F43515DB322D002C541D /* LoginViewController.m in Sources */ = {isa = PBXBuildFile; fileRef = B1C7F43415DB322D002C541D /* LoginViewController.m */; };
		B1C7F43815DB3CC3002C541D /* LoadingView.m in Sources */ = {isa = PBXBuildFile; fileRef = B1C7F43715DB3CC3002C541D /* LoadingView.m */; };
		B1C7F43F15DB47B9002C541D /* QuartzCore.framework in Frameworks */ = {isa = PBXBuildFile; fileRef = B1C7F43E15DB47B9002C541D /* QuartzCore.framework */; };
		B1CEE03316050AB90057A30C /* BAUHS93.TTF in Resources */ = {isa = PBXBuildFile; fileRef = B1CEE031160504360057A30C /* BAUHS93.TTF */; };
		B1CEE036160517110057A30C /* ShopTabViewController.m in Sources */ = {isa = PBXBuildFile; fileRef = B1CEE035160517110057A30C /* ShopTabViewController.m */; };
		B1CEE0391605179A0057A30C /* OptionsTabViewController.m in Sources */ = {isa = PBXBuildFile; fileRef = B1CEE0381605179A0057A30C /* OptionsTabViewController.m */; };
		B1CEE03B16051DD70057A30C /* BlankFancyBackIphone@2x.png in Resources */ = {isa = PBXBuildFile; fileRef = B1CEE03A16051DD70057A30C /* BlankFancyBackIphone@2x.png */; };
		B1CEE03F16051E4F0057A30C /* Generic_Button_2.png in Resources */ = {isa = PBXBuildFile; fileRef = B1CEE03C16051E4F0057A30C /* Generic_Button_2.png */; };
		B1CEE04016051E4F0057A30C /* Generic_Button_3.png in Resources */ = {isa = PBXBuildFile; fileRef = B1CEE03D16051E4F0057A30C /* Generic_Button_3.png */; };
		B1CEE04116051E4F0057A30C /* Generic_Button_4.png in Resources */ = {isa = PBXBuildFile; fileRef = B1CEE03E16051E4F0057A30C /* Generic_Button_4.png */; };
		B1CEE04416051E6B0057A30C /* Game_Table_Cell.png in Resources */ = {isa = PBXBuildFile; fileRef = B1CEE04316051E6B0057A30C /* Game_Table_Cell.png */; };
		B1CEE0461605323E0057A30C /* SplashArtIphone@2x.png in Resources */ = {isa = PBXBuildFile; fileRef = B1CEE0451605323E0057A30C /* SplashArtIphone@2x.png */; };
		B1EC2BA915EC5DFA00AC01BE /* NewUserViewController.m in Sources */ = {isa = PBXBuildFile; fileRef = B1EC2BA815EC5DFA00AC01BE /* NewUserViewController.m */; };
		B1EF851815F3B723006FB520 /* NetworkController.m in Sources */ = {isa = PBXBuildFile; fileRef = B1EF851715F3B723006FB520 /* NetworkController.m */; };
		B1EF851F15F3E851006FB520 /* NetworkStorageTabBarController.m in Sources */ = {isa = PBXBuildFile; fileRef = B1EF851E15F3E851006FB520 /* NetworkStorageTabBarController.m */; };
		B1F1267A1605002B000C34ED /* loader_sayonaria_version_05_A10000.png in Resources */ = {isa = PBXBuildFile; fileRef = B1F1265F1605002B000C34ED /* loader_sayonaria_version_05_A10000.png */; };
		B1F1267B1605002B000C34ED /* loader_sayonaria_version_05_A10001.png in Resources */ = {isa = PBXBuildFile; fileRef = B1F126601605002B000C34ED /* loader_sayonaria_version_05_A10001.png */; };
		B1F1267C1605002B000C34ED /* loader_sayonaria_version_05_A10002.png in Resources */ = {isa = PBXBuildFile; fileRef = B1F126611605002B000C34ED /* loader_sayonaria_version_05_A10002.png */; };
		B1F1267D1605002B000C34ED /* loader_sayonaria_version_05_A10003.png in Resources */ = {isa = PBXBuildFile; fileRef = B1F126621605002B000C34ED /* loader_sayonaria_version_05_A10003.png */; };
		B1F1267E1605002B000C34ED /* loader_sayonaria_version_05_A10004.png in Resources */ = {isa = PBXBuildFile; fileRef = B1F126631605002B000C34ED /* loader_sayonaria_version_05_A10004.png */; };
		B1F1267F1605002B000C34ED /* loader_sayonaria_version_05_A10005.png in Resources */ = {isa = PBXBuildFile; fileRef = B1F126641605002B000C34ED /* loader_sayonaria_version_05_A10005.png */; };
		B1F126801605002B000C34ED /* loader_sayonaria_version_05_A10006.png in Resources */ = {isa = PBXBuildFile; fileRef = B1F126651605002B000C34ED /* loader_sayonaria_version_05_A10006.png */; };
		B1F126811605002B000C34ED /* loader_sayonaria_version_05_A10007.png in Resources */ = {isa = PBXBuildFile; fileRef = B1F126661605002B000C34ED /* loader_sayonaria_version_05_A10007.png */; };
		B1F126821605002B000C34ED /* loader_sayonaria_version_05_A10008.png in Resources */ = {isa = PBXBuildFile; fileRef = B1F126671605002B000C34ED /* loader_sayonaria_version_05_A10008.png */; };
		B1F126831605002B000C34ED /* loader_sayonaria_version_05_A10009.png in Resources */ = {isa = PBXBuildFile; fileRef = B1F126681605002B000C34ED /* loader_sayonaria_version_05_A10009.png */; };
		B1F126841605002B000C34ED /* loader_sayonaria_version_05_A10010.png in Resources */ = {isa = PBXBuildFile; fileRef = B1F126691605002B000C34ED /* loader_sayonaria_version_05_A10010.png */; };
		B1F126851605002B000C34ED /* loader_sayonaria_version_05_A10011.png in Resources */ = {isa = PBXBuildFile; fileRef = B1F1266A1605002B000C34ED /* loader_sayonaria_version_05_A10011.png */; };
		B1F126861605002B000C34ED /* loader_sayonaria_version_05_A10012.png in Resources */ = {isa = PBXBuildFile; fileRef = B1F1266B1605002B000C34ED /* loader_sayonaria_version_05_A10012.png */; };
		B1F126871605002B000C34ED /* loader_sayonaria_version_05_A10013.png in Resources */ = {isa = PBXBuildFile; fileRef = B1F1266C1605002B000C34ED /* loader_sayonaria_version_05_A10013.png */; };
		B1F126881605002B000C34ED /* loader_sayonaria_version_05_A10014.png in Resources */ = {isa = PBXBuildFile; fileRef = B1F1266D1605002B000C34ED /* loader_sayonaria_version_05_A10014.png */; };
		B1F126891605002B000C34ED /* loader_sayonaria_version_05_A10015.png in Resources */ = {isa = PBXBuildFile; fileRef = B1F1266E1605002B000C34ED /* loader_sayonaria_version_05_A10015.png */; };
		B1F1268A1605002B000C34ED /* loader_sayonaria_version_05_A10016.png in Resources */ = {isa = PBXBuildFile; fileRef = B1F1266F1605002B000C34ED /* loader_sayonaria_version_05_A10016.png */; };
		B1F1268B1605002B000C34ED /* loader_sayonaria_version_05_A10017.png in Resources */ = {isa = PBXBuildFile; fileRef = B1F126701605002B000C34ED /* loader_sayonaria_version_05_A10017.png */; };
		B1F1268C1605002B000C34ED /* loader_sayonaria_version_05_A10018.png in Resources */ = {isa = PBXBuildFile; fileRef = B1F126711605002B000C34ED /* loader_sayonaria_version_05_A10018.png */; };
		B1F1268D1605002B000C34ED /* loader_sayonaria_version_05_A10019.png in Resources */ = {isa = PBXBuildFile; fileRef = B1F126721605002B000C34ED /* loader_sayonaria_version_05_A10019.png */; };
		B1F1268E1605002B000C34ED /* loader_sayonaria_version_05_A10020.png in Resources */ = {isa = PBXBuildFile; fileRef = B1F126731605002B000C34ED /* loader_sayonaria_version_05_A10020.png */; };
		B1F1268F1605002B000C34ED /* loader_sayonaria_version_05_A10021.png in Resources */ = {isa = PBXBuildFile; fileRef = B1F126741605002B000C34ED /* loader_sayonaria_version_05_A10021.png */; };
		B1F126901605002B000C34ED /* loader_sayonaria_version_05_A10022.png in Resources */ = {isa = PBXBuildFile; fileRef = B1F126751605002B000C34ED /* loader_sayonaria_version_05_A10022.png */; };
		B1F126911605002B000C34ED /* loader_sayonaria_version_05_A10023.png in Resources */ = {isa = PBXBuildFile; fileRef = B1F126761605002B000C34ED /* loader_sayonaria_version_05_A10023.png */; };
		B1F126921605002B000C34ED /* loader_sayonaria_version_05_A10024.png in Resources */ = {isa = PBXBuildFile; fileRef = B1F126771605002B000C34ED /* loader_sayonaria_version_05_A10024.png */; };
		B1F126931605002B000C34ED /* loader_sayonaria_version_05_A10025.png in Resources */ = {isa = PBXBuildFile; fileRef = B1F126781605002B000C34ED /* loader_sayonaria_version_05_A10025.png */; };
		B1F126941605002B000C34ED /* loader_sayonaria_version_05_A10026.png in Resources */ = {isa = PBXBuildFile; fileRef = B1F126791605002B000C34ED /* loader_sayonaria_version_05_A10026.png */; };
		B1F1269A16050158000C34ED /* Generic_Button.png in Resources */ = {isa = PBXBuildFile; fileRef = B1F1269616050158000C34ED /* Generic_Button.png */; };
		B1F1269B16050158000C34ED /* Options_Button.png in Resources */ = {isa = PBXBuildFile; fileRef = B1F1269716050158000C34ED /* Options_Button.png */; };
		B1F1269C16050158000C34ED /* Shop_Button.png in Resources */ = {isa = PBXBuildFile; fileRef = B1F1269816050158000C34ED /* Shop_Button.png */; };
		B1F1269D16050158000C34ED /* Start_Button.png in Resources */ = {isa = PBXBuildFile; fileRef = B1F1269916050158000C34ED /* Start_Button.png */; };
		B1F126A31605017F000C34ED /* BlankBackIphone@2x.png in Resources */ = {isa = PBXBuildFile; fileRef = B1F1269F1605017F000C34ED /* BlankBackIphone@2x.png */; };
		B1F126A41605017F000C34ED /* GamesBackIphone@2x.png in Resources */ = {isa = PBXBuildFile; fileRef = B1F126A01605017F000C34ED /* GamesBackIphone@2x.png */; };
		B1F126A51605017F000C34ED /* OptionsBackIphone@2x.png in Resources */ = {isa = PBXBuildFile; fileRef = B1F126A11605017F000C34ED /* OptionsBackIphone@2x.png */; };
		B1F126A61605017F000C34ED /* ShopBackIphone@2x.png in Resources */ = {isa = PBXBuildFile; fileRef = B1F126A21605017F000C34ED /* ShopBackIphone@2x.png */; };
		B1F6405615F2900C00305D37 /* GameTabViewController.m in Sources */ = {isa = PBXBuildFile; fileRef = B1F6405515F2900C00305D37 /* GameTabViewController.m */; };
		B1FACDFB1602EEA600D920F9 /* SayonariaIphoneIcon.png in Resources */ = {isa = PBXBuildFile; fileRef = B1FACDFA1602EEA600D920F9 /* SayonariaIphoneIcon.png */; };
		B1FACDFE1602EECE00D920F9 /* SayonariaIphoneIcon@2x.png in Resources */ = {isa = PBXBuildFile; fileRef = B1FACDFD1602EECE00D920F9 /* SayonariaIphoneIcon@2x.png */; };
		B1FACE001602EF5E00D920F9 /* SayonariaIpadIcon.png in Resources */ = {isa = PBXBuildFile; fileRef = B1FACDFF1602EF5E00D920F9 /* SayonariaIpadIcon.png */; };
		B1FACE021602EF7000D920F9 /* SayonariaIpadIcon@2x.png in Resources */ = {isa = PBXBuildFile; fileRef = B1FACE011602EF7000D920F9 /* SayonariaIpadIcon@2x.png */; };
		B1FB3B8216096AAA00E5053B /* Website_Button.png in Resources */ = {isa = PBXBuildFile; fileRef = B1FB3B8116096AAA00E5053B /* Website_Button.png */; };
		B1FB3B8A16096B0000E5053B /* Help_Button.png in Resources */ = {isa = PBXBuildFile; fileRef = B1FB3B8316096B0000E5053B /* Help_Button.png */; };
		B1FB3B8B16096B0000E5053B /* Large_Block.png in Resources */ = {isa = PBXBuildFile; fileRef = B1FB3B8416096B0000E5053B /* Large_Block.png */; };
		B1FB3B8C16096B0000E5053B /* Medium_Block.png in Resources */ = {isa = PBXBuildFile; fileRef = B1FB3B8516096B0000E5053B /* Medium_Block.png */; };
		B1FB3B8D16096B0000E5053B /* Medium_Button_2.png in Resources */ = {isa = PBXBuildFile; fileRef = B1FB3B8616096B0000E5053B /* Medium_Button_2.png */; };
		B1FB3B8E16096B0000E5053B /* Medium_Button.png in Resources */ = {isa = PBXBuildFile; fileRef = B1FB3B8716096B0000E5053B /* Medium_Button.png */; };
		B1FB3B8F16096B0000E5053B /* Play_Button.png in Resources */ = {isa = PBXBuildFile; fileRef = B1FB3B8816096B0000E5053B /* Play_Button.png */; };
		B1FB3B9016096B0000E5053B /* Small_Button.png in Resources */ = {isa = PBXBuildFile; fileRef = B1FB3B8916096B0000E5053B /* Small_Button.png */; };
		B1FB3B9216096B3100E5053B /* Options_Button_FIX.png in Resources */ = {isa = PBXBuildFile; fileRef = B1FB3B9116096B3100E5053B /* Options_Button_FIX.png */; };
		B1FB3B9416096B3900E5053B /* Medium_Button_3.png in Resources */ = {isa = PBXBuildFile; fileRef = B1FB3B9316096B3900E5053B /* Medium_Button_3.png */; };
		B1FB3B9616096B4A00E5053B /* Shop_Button_FIX.png in Resources */ = {isa = PBXBuildFile; fileRef = B1FB3B9516096B4A00E5053B /* Shop_Button_FIX.png */; };
		B1FB3B9816096B8000E5053B /* Text_Box_Back.png in Resources */ = {isa = PBXBuildFile; fileRef = B1FB3B9716096B8000E5053B /* Text_Box_Back.png */; };
/* End PBXBuildFile section */

/* Begin PBXFileReference section */
		B088B1DF1620784100A8F7C8 /* Inactive Coal.png */ = {isa = PBXFileReference; lastKnownFileType = image.png; path = "Inactive Coal.png"; sourceTree = "<group>"; };
		B088B1E01620784100A8F7C8 /* Inactive Diamond.png */ = {isa = PBXFileReference; lastKnownFileType = image.png; path = "Inactive Diamond.png"; sourceTree = "<group>"; };
		B088B1E11620784100A8F7C8 /* Inactive Gold.png */ = {isa = PBXFileReference; lastKnownFileType = image.png; path = "Inactive Gold.png"; sourceTree = "<group>"; };
		B088B1E21620784100A8F7C8 /* Inactive Neutral.png */ = {isa = PBXFileReference; lastKnownFileType = image.png; path = "Inactive Neutral.png"; sourceTree = "<group>"; };
		B088B1E31620784100A8F7C8 /* Inactive Silica.png */ = {isa = PBXFileReference; lastKnownFileType = image.png; path = "Inactive Silica.png"; sourceTree = "<group>"; };
		B088B1E916207BE100A8F7C8 /* Diamond Background.png */ = {isa = PBXFileReference; lastKnownFileType = image.png; path = "Diamond Background.png"; sourceTree = "<group>"; };
		B088B1EA16207BE100A8F7C8 /* Gold Background.png */ = {isa = PBXFileReference; lastKnownFileType = image.png; path = "Gold Background.png"; sourceTree = "<group>"; };
		B088B1EB16207BE100A8F7C8 /* Coal Background.png */ = {isa = PBXFileReference; lastKnownFileType = image.png; path = "Coal Background.png"; sourceTree = "<group>"; };
		B088B1EF1620930800A8F7C8 /* Active Coal.png */ = {isa = PBXFileReference; lastKnownFileType = image.png; path = "Active Coal.png"; sourceTree = "<group>"; };
		B088B1F2162099BD00A8F7C8 /* simpsoci_coal_tile_apear_anim_v001013.png */ = {isa = PBXFileReference; lastKnownFileType = image.png; path = simpsoci_coal_tile_apear_anim_v001013.png; sourceTree = "<group>"; };
		B088B1F3162099BD00A8F7C8 /* simpsoci_coal_tile_apear_anim_v001000.png */ = {isa = PBXFileReference; lastKnownFileType = image.png; path = simpsoci_coal_tile_apear_anim_v001000.png; sourceTree = "<group>"; };
		B088B1F4162099BD00A8F7C8 /* simpsoci_coal_tile_apear_anim_v001001.png */ = {isa = PBXFileReference; lastKnownFileType = image.png; path = simpsoci_coal_tile_apear_anim_v001001.png; sourceTree = "<group>"; };
		B088B1F5162099BD00A8F7C8 /* simpsoci_coal_tile_apear_anim_v001002.png */ = {isa = PBXFileReference; lastKnownFileType = image.png; path = simpsoci_coal_tile_apear_anim_v001002.png; sourceTree = "<group>"; };
		B088B1F6162099BD00A8F7C8 /* simpsoci_coal_tile_apear_anim_v001003.png */ = {isa = PBXFileReference; lastKnownFileType = image.png; path = simpsoci_coal_tile_apear_anim_v001003.png; sourceTree = "<group>"; };
		B088B1F7162099BD00A8F7C8 /* simpsoci_coal_tile_apear_anim_v001004.png */ = {isa = PBXFileReference; lastKnownFileType = image.png; path = simpsoci_coal_tile_apear_anim_v001004.png; sourceTree = "<group>"; };
		B088B1F8162099BD00A8F7C8 /* simpsoci_coal_tile_apear_anim_v001005.png */ = {isa = PBXFileReference; lastKnownFileType = image.png; path = simpsoci_coal_tile_apear_anim_v001005.png; sourceTree = "<group>"; };
		B088B1F9162099BD00A8F7C8 /* simpsoci_coal_tile_apear_anim_v001006.png */ = {isa = PBXFileReference; lastKnownFileType = image.png; path = simpsoci_coal_tile_apear_anim_v001006.png; sourceTree = "<group>"; };
		B088B1FA162099BD00A8F7C8 /* simpsoci_coal_tile_apear_anim_v001007.png */ = {isa = PBXFileReference; lastKnownFileType = image.png; path = simpsoci_coal_tile_apear_anim_v001007.png; sourceTree = "<group>"; };
		B088B1FB162099BD00A8F7C8 /* simpsoci_coal_tile_apear_anim_v001008.png */ = {isa = PBXFileReference; lastKnownFileType = image.png; path = simpsoci_coal_tile_apear_anim_v001008.png; sourceTree = "<group>"; };
		B088B1FC162099BD00A8F7C8 /* simpsoci_coal_tile_apear_anim_v001009.png */ = {isa = PBXFileReference; lastKnownFileType = image.png; path = simpsoci_coal_tile_apear_anim_v001009.png; sourceTree = "<group>"; };
		B088B1FD162099BD00A8F7C8 /* simpsoci_coal_tile_apear_anim_v001010.png */ = {isa = PBXFileReference; lastKnownFileType = image.png; path = simpsoci_coal_tile_apear_anim_v001010.png; sourceTree = "<group>"; };
		B088B1FE162099BD00A8F7C8 /* simpsoci_coal_tile_apear_anim_v001011.png */ = {isa = PBXFileReference; lastKnownFileType = image.png; path = simpsoci_coal_tile_apear_anim_v001011.png; sourceTree = "<group>"; };
		B088B1FF162099BD00A8F7C8 /* simpsoci_coal_tile_apear_anim_v001012.png */ = {isa = PBXFileReference; lastKnownFileType = image.png; path = simpsoci_coal_tile_apear_anim_v001012.png; sourceTree = "<group>"; };
		B088B20E16209B5F00A8F7C8 /* simpsoci_coal_tile_apear_anim_v01_000.png */ = {isa = PBXFileReference; lastKnownFileType = image.png; path = simpsoci_coal_tile_apear_anim_v01_000.png; sourceTree = "<group>"; };
		B088B20F16209B5F00A8F7C8 /* simpsoci_coal_tile_apear_anim_v01_001.png */ = {isa = PBXFileReference; lastKnownFileType = image.png; path = simpsoci_coal_tile_apear_anim_v01_001.png; sourceTree = "<group>"; };
		B088B21016209B6000A8F7C8 /* simpsoci_coal_tile_apear_anim_v01_002.png */ = {isa = PBXFileReference; lastKnownFileType = image.png; path = simpsoci_coal_tile_apear_anim_v01_002.png; sourceTree = "<group>"; };
		B088B21116209B6100A8F7C8 /* simpsoci_coal_tile_apear_anim_v01_003.png */ = {isa = PBXFileReference; lastKnownFileType = image.png; path = simpsoci_coal_tile_apear_anim_v01_003.png; sourceTree = "<group>"; };
		B088B21216209B6100A8F7C8 /* simpsoci_coal_tile_apear_anim_v01_004.png */ = {isa = PBXFileReference; lastKnownFileType = image.png; path = simpsoci_coal_tile_apear_anim_v01_004.png; sourceTree = "<group>"; };
		B088B21316209B6200A8F7C8 /* simpsoci_coal_tile_apear_anim_v01_005.png */ = {isa = PBXFileReference; lastKnownFileType = image.png; path = simpsoci_coal_tile_apear_anim_v01_005.png; sourceTree = "<group>"; };
		B088B21416209B6200A8F7C8 /* simpsoci_coal_tile_apear_anim_v01_006.png */ = {isa = PBXFileReference; lastKnownFileType = image.png; path = simpsoci_coal_tile_apear_anim_v01_006.png; sourceTree = "<group>"; };
		B088B21516209B6300A8F7C8 /* simpsoci_coal_tile_apear_anim_v01_007.png */ = {isa = PBXFileReference; lastKnownFileType = image.png; path = simpsoci_coal_tile_apear_anim_v01_007.png; sourceTree = "<group>"; };
		B088B21616209B6300A8F7C8 /* simpsoci_coal_tile_apear_anim_v01_008.png */ = {isa = PBXFileReference; lastKnownFileType = image.png; path = simpsoci_coal_tile_apear_anim_v01_008.png; sourceTree = "<group>"; };
		B088B21716209B6400A8F7C8 /* simpsoci_coal_tile_apear_anim_v01_009.png */ = {isa = PBXFileReference; lastKnownFileType = image.png; path = simpsoci_coal_tile_apear_anim_v01_009.png; sourceTree = "<group>"; };
		B088B21816209B6500A8F7C8 /* simpsoci_coal_tile_apear_anim_v01_010.png */ = {isa = PBXFileReference; lastKnownFileType = image.png; path = simpsoci_coal_tile_apear_anim_v01_010.png; sourceTree = "<group>"; };
		B088B21916209B6500A8F7C8 /* simpsoci_coal_tile_apear_anim_v01_011.png */ = {isa = PBXFileReference; lastKnownFileType = image.png; path = simpsoci_coal_tile_apear_anim_v01_011.png; sourceTree = "<group>"; };
		B088B21A16209B6600A8F7C8 /* simpsoci_coal_tile_apear_anim_v01_012.png */ = {isa = PBXFileReference; lastKnownFileType = image.png; path = simpsoci_coal_tile_apear_anim_v01_012.png; sourceTree = "<group>"; };
		B088B21B16209B6600A8F7C8 /* simpsoci_coal_tile_apear_anim_v01_013.png */ = {isa = PBXFileReference; lastKnownFileType = image.png; path = simpsoci_coal_tile_apear_anim_v01_013.png; sourceTree = "<group>"; };
		B088B21C16209B6700A8F7C8 /* simpsoci_coal_tile_apear_anim_v01_014.png */ = {isa = PBXFileReference; lastKnownFileType = image.png; path = simpsoci_coal_tile_apear_anim_v01_014.png; sourceTree = "<group>"; };
		B088B21D16209B6700A8F7C8 /* simpsoci_coal_tile_apear_anim_v01_015.png */ = {isa = PBXFileReference; lastKnownFileType = image.png; path = simpsoci_coal_tile_apear_anim_v01_015.png; sourceTree = "<group>"; };
		B088B21E16209B6800A8F7C8 /* simpsoci_coal_tile_apear_anim_v01_016.png */ = {isa = PBXFileReference; lastKnownFileType = image.png; path = simpsoci_coal_tile_apear_anim_v01_016.png; sourceTree = "<group>"; };
		B088B21F16209B6800A8F7C8 /* simpsoci_coal_tile_apear_anim_v01_017.png */ = {isa = PBXFileReference; lastKnownFileType = image.png; path = simpsoci_coal_tile_apear_anim_v01_017.png; sourceTree = "<group>"; };
		B088B22016209B6800A8F7C8 /* simpsoci_coal_tile_apear_anim_v01_018.png */ = {isa = PBXFileReference; lastKnownFileType = image.png; path = simpsoci_coal_tile_apear_anim_v01_018.png; sourceTree = "<group>"; };
		B088B22116209B6900A8F7C8 /* simpsoci_coal_tile_apear_anim_v01_019.png */ = {isa = PBXFileReference; lastKnownFileType = image.png; path = simpsoci_coal_tile_apear_anim_v01_019.png; sourceTree = "<group>"; };
		B088B22216209B6900A8F7C8 /* simpsoci_coal_tile_apear_anim_v01_020.png */ = {isa = PBXFileReference; lastKnownFileType = image.png; path = simpsoci_coal_tile_apear_anim_v01_020.png; sourceTree = "<group>"; };
		B088B22316209B6900A8F7C8 /* simpsoci_coal_tile_apear_anim_v01_021.png */ = {isa = PBXFileReference; lastKnownFileType = image.png; path = simpsoci_coal_tile_apear_anim_v01_021.png; sourceTree = "<group>"; };
		B088B22416209B6A00A8F7C8 /* simpsoci_coal_tile_apear_anim_v01_022.png */ = {isa = PBXFileReference; lastKnownFileType = image.png; path = simpsoci_coal_tile_apear_anim_v01_022.png; sourceTree = "<group>"; };
		B0CB261915F505A600CFC943 /* GameScreenViewController.h */ = {isa = PBXFileReference; fileEncoding = 4; lastKnownFileType = sourcecode.c.h; path = GameScreenViewController.h; sourceTree = "<group>"; };
		B0CB261A15F505A600CFC943 /* GameScreenViewController.m */ = {isa = PBXFileReference; fileEncoding = 4; lastKnownFileType = sourcecode.c.objc; path = GameScreenViewController.m; sourceTree = "<group>"; };
		B13B30EF15D0C7BF003A4E89 /* SayonariaGame.app */ = {isa = PBXFileReference; explicitFileType = wrapper.application; includeInIndex = 0; path = SayonariaGame.app; sourceTree = BUILT_PRODUCTS_DIR; };
		B13B30F315D0C7BF003A4E89 /* UIKit.framework */ = {isa = PBXFileReference; lastKnownFileType = wrapper.framework; name = UIKit.framework; path = System/Library/Frameworks/UIKit.framework; sourceTree = SDKROOT; };
		B13B30F515D0C7BF003A4E89 /* Foundation.framework */ = {isa = PBXFileReference; lastKnownFileType = wrapper.framework; name = Foundation.framework; path = System/Library/Frameworks/Foundation.framework; sourceTree = SDKROOT; };
		B13B30F715D0C7BF003A4E89 /* CoreGraphics.framework */ = {isa = PBXFileReference; lastKnownFileType = wrapper.framework; name = CoreGraphics.framework; path = System/Library/Frameworks/CoreGraphics.framework; sourceTree = SDKROOT; };
		B13B30FB15D0C7BF003A4E89 /* SayonariaGame-Info.plist */ = {isa = PBXFileReference; lastKnownFileType = text.plist.xml; path = "SayonariaGame-Info.plist"; sourceTree = "<group>"; };
		B13B30FD15D0C7BF003A4E89 /* en */ = {isa = PBXFileReference; lastKnownFileType = text.plist.strings; name = en; path = en.lproj/InfoPlist.strings; sourceTree = "<group>"; };
		B13B30FF15D0C7BF003A4E89 /* main.m */ = {isa = PBXFileReference; lastKnownFileType = sourcecode.c.objc; path = main.m; sourceTree = "<group>"; };
		B13B310115D0C7BF003A4E89 /* SayonariaGame-Prefix.pch */ = {isa = PBXFileReference; lastKnownFileType = sourcecode.c.h; path = "SayonariaGame-Prefix.pch"; sourceTree = "<group>"; };
		B13B310215D0C7BF003A4E89 /* SSIGameAppDelegate.h */ = {isa = PBXFileReference; lastKnownFileType = sourcecode.c.h; path = SSIGameAppDelegate.h; sourceTree = "<group>"; };
		B13B310315D0C7BF003A4E89 /* SSIGameAppDelegate.m */ = {isa = PBXFileReference; lastKnownFileType = sourcecode.c.objc; path = SSIGameAppDelegate.m; sourceTree = "<group>"; };
		B13B310615D0C7BF003A4E89 /* en */ = {isa = PBXFileReference; lastKnownFileType = file.storyboard; name = en; path = en.lproj/MainStoryboard_iPhone.storyboard; sourceTree = "<group>"; };
		B13B310915D0C7BF003A4E89 /* en */ = {isa = PBXFileReference; lastKnownFileType = file.storyboard; name = en; path = en.lproj/MainStoryboard_iPad.storyboard; sourceTree = "<group>"; };
		B1C7F43315DB322D002C541D /* LoginViewController.h */ = {isa = PBXFileReference; fileEncoding = 4; lastKnownFileType = sourcecode.c.h; path = LoginViewController.h; sourceTree = "<group>"; };
		B1C7F43415DB322D002C541D /* LoginViewController.m */ = {isa = PBXFileReference; fileEncoding = 4; lastKnownFileType = sourcecode.c.objc; path = LoginViewController.m; sourceTree = "<group>"; };
		B1C7F43615DB3CC3002C541D /* LoadingView.h */ = {isa = PBXFileReference; fileEncoding = 4; lastKnownFileType = sourcecode.c.h; path = LoadingView.h; sourceTree = "<group>"; };
		B1C7F43715DB3CC3002C541D /* LoadingView.m */ = {isa = PBXFileReference; fileEncoding = 4; lastKnownFileType = sourcecode.c.objc; path = LoadingView.m; sourceTree = "<group>"; };
		B1C7F43E15DB47B9002C541D /* QuartzCore.framework */ = {isa = PBXFileReference; lastKnownFileType = wrapper.framework; name = QuartzCore.framework; path = System/Library/Frameworks/QuartzCore.framework; sourceTree = SDKROOT; };
		B1CEE031160504360057A30C /* BAUHS93.TTF */ = {isa = PBXFileReference; lastKnownFileType = file; path = BAUHS93.TTF; sourceTree = "<group>"; };
		B1CEE034160517110057A30C /* ShopTabViewController.h */ = {isa = PBXFileReference; fileEncoding = 4; lastKnownFileType = sourcecode.c.h; path = ShopTabViewController.h; sourceTree = "<group>"; };
		B1CEE035160517110057A30C /* ShopTabViewController.m */ = {isa = PBXFileReference; fileEncoding = 4; lastKnownFileType = sourcecode.c.objc; path = ShopTabViewController.m; sourceTree = "<group>"; };
		B1CEE0371605179A0057A30C /* OptionsTabViewController.h */ = {isa = PBXFileReference; fileEncoding = 4; lastKnownFileType = sourcecode.c.h; path = OptionsTabViewController.h; sourceTree = "<group>"; };
		B1CEE0381605179A0057A30C /* OptionsTabViewController.m */ = {isa = PBXFileReference; fileEncoding = 4; lastKnownFileType = sourcecode.c.objc; path = OptionsTabViewController.m; sourceTree = "<group>"; };
		B1CEE03A16051DD70057A30C /* BlankFancyBackIphone@2x.png */ = {isa = PBXFileReference; lastKnownFileType = image.png; path = "BlankFancyBackIphone@2x.png"; sourceTree = "<group>"; };
		B1CEE03C16051E4F0057A30C /* Generic_Button_2.png */ = {isa = PBXFileReference; lastKnownFileType = image.png; path = Generic_Button_2.png; sourceTree = "<group>"; };
		B1CEE03D16051E4F0057A30C /* Generic_Button_3.png */ = {isa = PBXFileReference; lastKnownFileType = image.png; path = Generic_Button_3.png; sourceTree = "<group>"; };
		B1CEE03E16051E4F0057A30C /* Generic_Button_4.png */ = {isa = PBXFileReference; lastKnownFileType = image.png; path = Generic_Button_4.png; sourceTree = "<group>"; };
		B1CEE04316051E6B0057A30C /* Game_Table_Cell.png */ = {isa = PBXFileReference; lastKnownFileType = image.png; path = Game_Table_Cell.png; sourceTree = "<group>"; };
		B1CEE0451605323E0057A30C /* SplashArtIphone@2x.png */ = {isa = PBXFileReference; lastKnownFileType = image.png; path = "SplashArtIphone@2x.png"; sourceTree = "<group>"; };
		B1EC2BA715EC5DFA00AC01BE /* NewUserViewController.h */ = {isa = PBXFileReference; fileEncoding = 4; lastKnownFileType = sourcecode.c.h; path = NewUserViewController.h; sourceTree = "<group>"; };
		B1EC2BA815EC5DFA00AC01BE /* NewUserViewController.m */ = {isa = PBXFileReference; fileEncoding = 4; lastKnownFileType = sourcecode.c.objc; path = NewUserViewController.m; sourceTree = "<group>"; };
		B1EF851615F3B723006FB520 /* NetworkController.h */ = {isa = PBXFileReference; fileEncoding = 4; lastKnownFileType = sourcecode.c.h; path = NetworkController.h; sourceTree = "<group>"; };
		B1EF851715F3B723006FB520 /* NetworkController.m */ = {isa = PBXFileReference; fileEncoding = 4; lastKnownFileType = sourcecode.c.objc; path = NetworkController.m; sourceTree = "<group>"; };
		B1EF851D15F3E851006FB520 /* NetworkStorageTabBarController.h */ = {isa = PBXFileReference; fileEncoding = 4; lastKnownFileType = sourcecode.c.h; path = NetworkStorageTabBarController.h; sourceTree = "<group>"; };
		B1EF851E15F3E851006FB520 /* NetworkStorageTabBarController.m */ = {isa = PBXFileReference; fileEncoding = 4; lastKnownFileType = sourcecode.c.objc; path = NetworkStorageTabBarController.m; sourceTree = "<group>"; };
		B1F1265F1605002B000C34ED /* loader_sayonaria_version_05_A10000.png */ = {isa = PBXFileReference; lastKnownFileType = image.png; path = loader_sayonaria_version_05_A10000.png; sourceTree = "<group>"; };
		B1F126601605002B000C34ED /* loader_sayonaria_version_05_A10001.png */ = {isa = PBXFileReference; lastKnownFileType = image.png; path = loader_sayonaria_version_05_A10001.png; sourceTree = "<group>"; };
		B1F126611605002B000C34ED /* loader_sayonaria_version_05_A10002.png */ = {isa = PBXFileReference; lastKnownFileType = image.png; path = loader_sayonaria_version_05_A10002.png; sourceTree = "<group>"; };
		B1F126621605002B000C34ED /* loader_sayonaria_version_05_A10003.png */ = {isa = PBXFileReference; lastKnownFileType = image.png; path = loader_sayonaria_version_05_A10003.png; sourceTree = "<group>"; };
		B1F126631605002B000C34ED /* loader_sayonaria_version_05_A10004.png */ = {isa = PBXFileReference; lastKnownFileType = image.png; path = loader_sayonaria_version_05_A10004.png; sourceTree = "<group>"; };
		B1F126641605002B000C34ED /* loader_sayonaria_version_05_A10005.png */ = {isa = PBXFileReference; lastKnownFileType = image.png; path = loader_sayonaria_version_05_A10005.png; sourceTree = "<group>"; };
		B1F126651605002B000C34ED /* loader_sayonaria_version_05_A10006.png */ = {isa = PBXFileReference; lastKnownFileType = image.png; path = loader_sayonaria_version_05_A10006.png; sourceTree = "<group>"; };
		B1F126661605002B000C34ED /* loader_sayonaria_version_05_A10007.png */ = {isa = PBXFileReference; lastKnownFileType = image.png; path = loader_sayonaria_version_05_A10007.png; sourceTree = "<group>"; };
		B1F126671605002B000C34ED /* loader_sayonaria_version_05_A10008.png */ = {isa = PBXFileReference; lastKnownFileType = image.png; path = loader_sayonaria_version_05_A10008.png; sourceTree = "<group>"; };
		B1F126681605002B000C34ED /* loader_sayonaria_version_05_A10009.png */ = {isa = PBXFileReference; lastKnownFileType = image.png; path = loader_sayonaria_version_05_A10009.png; sourceTree = "<group>"; };
		B1F126691605002B000C34ED /* loader_sayonaria_version_05_A10010.png */ = {isa = PBXFileReference; lastKnownFileType = image.png; path = loader_sayonaria_version_05_A10010.png; sourceTree = "<group>"; };
		B1F1266A1605002B000C34ED /* loader_sayonaria_version_05_A10011.png */ = {isa = PBXFileReference; lastKnownFileType = image.png; path = loader_sayonaria_version_05_A10011.png; sourceTree = "<group>"; };
		B1F1266B1605002B000C34ED /* loader_sayonaria_version_05_A10012.png */ = {isa = PBXFileReference; lastKnownFileType = image.png; path = loader_sayonaria_version_05_A10012.png; sourceTree = "<group>"; };
		B1F1266C1605002B000C34ED /* loader_sayonaria_version_05_A10013.png */ = {isa = PBXFileReference; lastKnownFileType = image.png; path = loader_sayonaria_version_05_A10013.png; sourceTree = "<group>"; };
		B1F1266D1605002B000C34ED /* loader_sayonaria_version_05_A10014.png */ = {isa = PBXFileReference; lastKnownFileType = image.png; path = loader_sayonaria_version_05_A10014.png; sourceTree = "<group>"; };
		B1F1266E1605002B000C34ED /* loader_sayonaria_version_05_A10015.png */ = {isa = PBXFileReference; lastKnownFileType = image.png; path = loader_sayonaria_version_05_A10015.png; sourceTree = "<group>"; };
		B1F1266F1605002B000C34ED /* loader_sayonaria_version_05_A10016.png */ = {isa = PBXFileReference; lastKnownFileType = image.png; path = loader_sayonaria_version_05_A10016.png; sourceTree = "<group>"; };
		B1F126701605002B000C34ED /* loader_sayonaria_version_05_A10017.png */ = {isa = PBXFileReference; lastKnownFileType = image.png; path = loader_sayonaria_version_05_A10017.png; sourceTree = "<group>"; };
		B1F126711605002B000C34ED /* loader_sayonaria_version_05_A10018.png */ = {isa = PBXFileReference; lastKnownFileType = image.png; path = loader_sayonaria_version_05_A10018.png; sourceTree = "<group>"; };
		B1F126721605002B000C34ED /* loader_sayonaria_version_05_A10019.png */ = {isa = PBXFileReference; lastKnownFileType = image.png; path = loader_sayonaria_version_05_A10019.png; sourceTree = "<group>"; };
		B1F126731605002B000C34ED /* loader_sayonaria_version_05_A10020.png */ = {isa = PBXFileReference; lastKnownFileType = image.png; path = loader_sayonaria_version_05_A10020.png; sourceTree = "<group>"; };
		B1F126741605002B000C34ED /* loader_sayonaria_version_05_A10021.png */ = {isa = PBXFileReference; lastKnownFileType = image.png; path = loader_sayonaria_version_05_A10021.png; sourceTree = "<group>"; };
		B1F126751605002B000C34ED /* loader_sayonaria_version_05_A10022.png */ = {isa = PBXFileReference; lastKnownFileType = image.png; path = loader_sayonaria_version_05_A10022.png; sourceTree = "<group>"; };
		B1F126761605002B000C34ED /* loader_sayonaria_version_05_A10023.png */ = {isa = PBXFileReference; lastKnownFileType = image.png; path = loader_sayonaria_version_05_A10023.png; sourceTree = "<group>"; };
		B1F126771605002B000C34ED /* loader_sayonaria_version_05_A10024.png */ = {isa = PBXFileReference; lastKnownFileType = image.png; path = loader_sayonaria_version_05_A10024.png; sourceTree = "<group>"; };
		B1F126781605002B000C34ED /* loader_sayonaria_version_05_A10025.png */ = {isa = PBXFileReference; lastKnownFileType = image.png; path = loader_sayonaria_version_05_A10025.png; sourceTree = "<group>"; };
		B1F126791605002B000C34ED /* loader_sayonaria_version_05_A10026.png */ = {isa = PBXFileReference; lastKnownFileType = image.png; path = loader_sayonaria_version_05_A10026.png; sourceTree = "<group>"; };
		B1F1269616050158000C34ED /* Generic_Button.png */ = {isa = PBXFileReference; lastKnownFileType = image.png; path = Generic_Button.png; sourceTree = "<group>"; };
		B1F1269716050158000C34ED /* Options_Button.png */ = {isa = PBXFileReference; lastKnownFileType = image.png; path = Options_Button.png; sourceTree = "<group>"; };
		B1F1269816050158000C34ED /* Shop_Button.png */ = {isa = PBXFileReference; lastKnownFileType = image.png; path = Shop_Button.png; sourceTree = "<group>"; };
		B1F1269916050158000C34ED /* Start_Button.png */ = {isa = PBXFileReference; lastKnownFileType = image.png; path = Start_Button.png; sourceTree = "<group>"; };
		B1F1269F1605017F000C34ED /* BlankBackIphone@2x.png */ = {isa = PBXFileReference; lastKnownFileType = image.png; path = "BlankBackIphone@2x.png"; sourceTree = "<group>"; };
		B1F126A01605017F000C34ED /* GamesBackIphone@2x.png */ = {isa = PBXFileReference; lastKnownFileType = image.png; path = "GamesBackIphone@2x.png"; sourceTree = "<group>"; };
		B1F126A11605017F000C34ED /* OptionsBackIphone@2x.png */ = {isa = PBXFileReference; lastKnownFileType = image.png; path = "OptionsBackIphone@2x.png"; sourceTree = "<group>"; };
		B1F126A21605017F000C34ED /* ShopBackIphone@2x.png */ = {isa = PBXFileReference; lastKnownFileType = image.png; path = "ShopBackIphone@2x.png"; sourceTree = "<group>"; };
		B1F6405415F2900C00305D37 /* GameTabViewController.h */ = {isa = PBXFileReference; fileEncoding = 4; lastKnownFileType = sourcecode.c.h; path = GameTabViewController.h; sourceTree = "<group>"; };
		B1F6405515F2900C00305D37 /* GameTabViewController.m */ = {isa = PBXFileReference; fileEncoding = 4; lastKnownFileType = sourcecode.c.objc; path = GameTabViewController.m; sourceTree = "<group>"; };
		B1FACDFA1602EEA600D920F9 /* SayonariaIphoneIcon.png */ = {isa = PBXFileReference; lastKnownFileType = image.png; path = SayonariaIphoneIcon.png; sourceTree = "<group>"; };
		B1FACDFD1602EECE00D920F9 /* SayonariaIphoneIcon@2x.png */ = {isa = PBXFileReference; lastKnownFileType = image.png; path = "SayonariaIphoneIcon@2x.png"; sourceTree = "<group>"; };
		B1FACDFF1602EF5E00D920F9 /* SayonariaIpadIcon.png */ = {isa = PBXFileReference; lastKnownFileType = image.png; path = SayonariaIpadIcon.png; sourceTree = "<group>"; };
		B1FACE011602EF7000D920F9 /* SayonariaIpadIcon@2x.png */ = {isa = PBXFileReference; lastKnownFileType = image.png; path = "SayonariaIpadIcon@2x.png"; sourceTree = "<group>"; };
		B1FB3B8116096AAA00E5053B /* Website_Button.png */ = {isa = PBXFileReference; lastKnownFileType = image.png; path = Website_Button.png; sourceTree = "<group>"; };
		B1FB3B8316096B0000E5053B /* Help_Button.png */ = {isa = PBXFileReference; lastKnownFileType = image.png; path = Help_Button.png; sourceTree = "<group>"; };
		B1FB3B8416096B0000E5053B /* Large_Block.png */ = {isa = PBXFileReference; lastKnownFileType = image.png; path = Large_Block.png; sourceTree = "<group>"; };
		B1FB3B8516096B0000E5053B /* Medium_Block.png */ = {isa = PBXFileReference; lastKnownFileType = image.png; path = Medium_Block.png; sourceTree = "<group>"; };
		B1FB3B8616096B0000E5053B /* Medium_Button_2.png */ = {isa = PBXFileReference; lastKnownFileType = image.png; path = Medium_Button_2.png; sourceTree = "<group>"; };
		B1FB3B8716096B0000E5053B /* Medium_Button.png */ = {isa = PBXFileReference; lastKnownFileType = image.png; path = Medium_Button.png; sourceTree = "<group>"; };
		B1FB3B8816096B0000E5053B /* Play_Button.png */ = {isa = PBXFileReference; lastKnownFileType = image.png; path = Play_Button.png; sourceTree = "<group>"; };
		B1FB3B8916096B0000E5053B /* Small_Button.png */ = {isa = PBXFileReference; lastKnownFileType = image.png; path = Small_Button.png; sourceTree = "<group>"; };
		B1FB3B9116096B3100E5053B /* Options_Button_FIX.png */ = {isa = PBXFileReference; lastKnownFileType = image.png; path = Options_Button_FIX.png; sourceTree = "<group>"; };
		B1FB3B9316096B3900E5053B /* Medium_Button_3.png */ = {isa = PBXFileReference; lastKnownFileType = image.png; path = Medium_Button_3.png; sourceTree = "<group>"; };
		B1FB3B9516096B4A00E5053B /* Shop_Button_FIX.png */ = {isa = PBXFileReference; lastKnownFileType = image.png; path = Shop_Button_FIX.png; sourceTree = "<group>"; };
		B1FB3B9716096B8000E5053B /* Text_Box_Back.png */ = {isa = PBXFileReference; lastKnownFileType = image.png; path = Text_Box_Back.png; sourceTree = "<group>"; };
/* End PBXFileReference section */

/* Begin PBXFrameworksBuildPhase section */
		B13B30EC15D0C7BF003A4E89 /* Frameworks */ = {
			isa = PBXFrameworksBuildPhase;
			buildActionMask = 2147483647;
			files = (
				B1C7F43F15DB47B9002C541D /* QuartzCore.framework in Frameworks */,
				B13B30F415D0C7BF003A4E89 /* UIKit.framework in Frameworks */,
				B13B30F615D0C7BF003A4E89 /* Foundation.framework in Frameworks */,
				B13B30F815D0C7BF003A4E89 /* CoreGraphics.framework in Frameworks */,
			);
			runOnlyForDeploymentPostprocessing = 0;
		};
/* End PBXFrameworksBuildPhase section */

/* Begin PBXGroup section */
		B088B1DE1620773800A8F7C8 /* GameScreen */ = {
			isa = PBXGroup;
			children = (
				B088B1E916207BE100A8F7C8 /* Diamond Background.png */,
				B088B1F1162099A800A8F7C8 /* Coal Animations */,
				B088B1EA16207BE100A8F7C8 /* Gold Background.png */,
				B088B1EB16207BE100A8F7C8 /* Coal Background.png */,
				B088B1EF1620930800A8F7C8 /* Active Coal.png */,
				B088B1DF1620784100A8F7C8 /* Inactive Coal.png */,
				B088B1E01620784100A8F7C8 /* Inactive Diamond.png */,
				B088B1E11620784100A8F7C8 /* Inactive Gold.png */,
				B088B1E21620784100A8F7C8 /* Inactive Neutral.png */,
				B088B1E31620784100A8F7C8 /* Inactive Silica.png */,
			);
			name = GameScreen;
			sourceTree = "<group>";
		};
		B088B1F1162099A800A8F7C8 /* Coal Animations */ = {
			isa = PBXGroup;
			children = (
				B088B20E16209B5F00A8F7C8 /* simpsoci_coal_tile_apear_anim_v01_000.png */,
				B088B20F16209B5F00A8F7C8 /* simpsoci_coal_tile_apear_anim_v01_001.png */,
				B088B21016209B6000A8F7C8 /* simpsoci_coal_tile_apear_anim_v01_002.png */,
				B088B21116209B6100A8F7C8 /* simpsoci_coal_tile_apear_anim_v01_003.png */,
				B088B21216209B6100A8F7C8 /* simpsoci_coal_tile_apear_anim_v01_004.png */,
				B088B21316209B6200A8F7C8 /* simpsoci_coal_tile_apear_anim_v01_005.png */,
				B088B21416209B6200A8F7C8 /* simpsoci_coal_tile_apear_anim_v01_006.png */,
				B088B21516209B6300A8F7C8 /* simpsoci_coal_tile_apear_anim_v01_007.png */,
				B088B21616209B6300A8F7C8 /* simpsoci_coal_tile_apear_anim_v01_008.png */,
				B088B21716209B6400A8F7C8 /* simpsoci_coal_tile_apear_anim_v01_009.png */,
				B088B21816209B6500A8F7C8 /* simpsoci_coal_tile_apear_anim_v01_010.png */,
				B088B21916209B6500A8F7C8 /* simpsoci_coal_tile_apear_anim_v01_011.png */,
				B088B21A16209B6600A8F7C8 /* simpsoci_coal_tile_apear_anim_v01_012.png */,
				B088B21B16209B6600A8F7C8 /* simpsoci_coal_tile_apear_anim_v01_013.png */,
				B088B21C16209B6700A8F7C8 /* simpsoci_coal_tile_apear_anim_v01_014.png */,
				B088B21D16209B6700A8F7C8 /* simpsoci_coal_tile_apear_anim_v01_015.png */,
				B088B21E16209B6800A8F7C8 /* simpsoci_coal_tile_apear_anim_v01_016.png */,
				B088B21F16209B6800A8F7C8 /* simpsoci_coal_tile_apear_anim_v01_017.png */,
				B088B22016209B6800A8F7C8 /* simpsoci_coal_tile_apear_anim_v01_018.png */,
				B088B22116209B6900A8F7C8 /* simpsoci_coal_tile_apear_anim_v01_019.png */,
				B088B22216209B6900A8F7C8 /* simpsoci_coal_tile_apear_anim_v01_020.png */,
				B088B22316209B6900A8F7C8 /* simpsoci_coal_tile_apear_anim_v01_021.png */,
				B088B22416209B6A00A8F7C8 /* simpsoci_coal_tile_apear_anim_v01_022.png */,
				B088B1F2162099BD00A8F7C8 /* simpsoci_coal_tile_apear_anim_v001013.png */,
				B088B1F3162099BD00A8F7C8 /* simpsoci_coal_tile_apear_anim_v001000.png */,
				B088B1F4162099BD00A8F7C8 /* simpsoci_coal_tile_apear_anim_v001001.png */,
				B088B1F5162099BD00A8F7C8 /* simpsoci_coal_tile_apear_anim_v001002.png */,
				B088B1F6162099BD00A8F7C8 /* simpsoci_coal_tile_apear_anim_v001003.png */,
				B088B1F7162099BD00A8F7C8 /* simpsoci_coal_tile_apear_anim_v001004.png */,
				B088B1F8162099BD00A8F7C8 /* simpsoci_coal_tile_apear_anim_v001005.png */,
				B088B1F9162099BD00A8F7C8 /* simpsoci_coal_tile_apear_anim_v001006.png */,
				B088B1FA162099BD00A8F7C8 /* simpsoci_coal_tile_apear_anim_v001007.png */,
				B088B1FB162099BD00A8F7C8 /* simpsoci_coal_tile_apear_anim_v001008.png */,
				B088B1FC162099BD00A8F7C8 /* simpsoci_coal_tile_apear_anim_v001009.png */,
				B088B1FD162099BD00A8F7C8 /* simpsoci_coal_tile_apear_anim_v001010.png */,
				B088B1FE162099BD00A8F7C8 /* simpsoci_coal_tile_apear_anim_v001011.png */,
				B088B1FF162099BD00A8F7C8 /* simpsoci_coal_tile_apear_anim_v001012.png */,
			);
			name = "Coal Animations";
			sourceTree = "<group>";
		};
		B13B30E415D0C7BF003A4E89 = {
			isa = PBXGroup;
			children = (
				B1CEE031160504360057A30C /* BAUHS93.TTF */,
				B1CEE0451605323E0057A30C /* SplashArtIphone@2x.png */,
				B1FACE011602EF7000D920F9 /* SayonariaIpadIcon@2x.png */,
				B1FACDFF1602EF5E00D920F9 /* SayonariaIpadIcon.png */,
				B1FACDFD1602EECE00D920F9 /* SayonariaIphoneIcon@2x.png */,
				B1FACDFA1602EEA600D920F9 /* SayonariaIphoneIcon.png */,
				B1C7F43E15DB47B9002C541D /* QuartzCore.framework */,
				B1C7F43615DB3CC3002C541D /* LoadingView.h */,
				B1C7F43715DB3CC3002C541D /* LoadingView.m */,
				B13B30F915D0C7BF003A4E89 /* SayonariaGame */,
				B13B30F215D0C7BF003A4E89 /* Frameworks */,
				B13B30F015D0C7BF003A4E89 /* Products */,
			);
			sourceTree = "<group>";
		};
		B13B30F015D0C7BF003A4E89 /* Products */ = {
			isa = PBXGroup;
			children = (
				B13B30EF15D0C7BF003A4E89 /* SayonariaGame.app */,
			);
			name = Products;
			sourceTree = "<group>";
		};
		B13B30F215D0C7BF003A4E89 /* Frameworks */ = {
			isa = PBXGroup;
			children = (
				B13B30F315D0C7BF003A4E89 /* UIKit.framework */,
				B13B30F515D0C7BF003A4E89 /* Foundation.framework */,
				B13B30F715D0C7BF003A4E89 /* CoreGraphics.framework */,
			);
			name = Frameworks;
			sourceTree = "<group>";
		};
		B13B30F915D0C7BF003A4E89 /* SayonariaGame */ = {
			isa = PBXGroup;
			children = (
				B13B310215D0C7BF003A4E89 /* SSIGameAppDelegate.h */,
				B13B310315D0C7BF003A4E89 /* SSIGameAppDelegate.m */,
				B1FAD0A81602F27200D920F9 /* Sayonaria_Art */,
				B13B310515D0C7BF003A4E89 /* MainStoryboard_iPhone.storyboard */,
				B13B310815D0C7BF003A4E89 /* MainStoryboard_iPad.storyboard */,
				B0CB261915F505A600CFC943 /* GameScreenViewController.h */,
				B0CB261A15F505A600CFC943 /* GameScreenViewController.m */,
				B1F6405815F2902200305D37 /* Login */,
				B1F6405915F2903200305D37 /* TabView */,
				B13B30FA15D0C7BF003A4E89 /* Supporting Files */,
			);
			path = SayonariaGame;
			sourceTree = "<group>";
		};
		B13B30FA15D0C7BF003A4E89 /* Supporting Files */ = {
			isa = PBXGroup;
			children = (
				B13B30FB15D0C7BF003A4E89 /* SayonariaGame-Info.plist */,
				B13B30FC15D0C7BF003A4E89 /* InfoPlist.strings */,
				B13B30FF15D0C7BF003A4E89 /* main.m */,
				B13B310115D0C7BF003A4E89 /* SayonariaGame-Prefix.pch */,
			);
			name = "Supporting Files";
			sourceTree = "<group>";
		};
		B1CEE04216051E550057A30C /* Games_Table_Assets */ = {
			isa = PBXGroup;
			children = (
				B1CEE04316051E6B0057A30C /* Game_Table_Cell.png */,
			);
			name = Games_Table_Assets;
			sourceTree = "<group>";
		};
		B1F1269516050116000C34ED /* Buttons */ = {
			isa = PBXGroup;
			children = (
				B1F1269616050158000C34ED /* Generic_Button.png */,
				B1CEE03C16051E4F0057A30C /* Generic_Button_2.png */,
				B1CEE03D16051E4F0057A30C /* Generic_Button_3.png */,
				B1CEE03E16051E4F0057A30C /* Generic_Button_4.png */,
				B1F1269716050158000C34ED /* Options_Button.png */,
				B1F1269816050158000C34ED /* Shop_Button.png */,
				B1F1269916050158000C34ED /* Start_Button.png */,
			);
			name = Buttons;
			path = Loader;
			sourceTree = "<group>";
		};
		B1F1269E16050167000C34ED /* Backgrounds */ = {
			isa = PBXGroup;
			children = (
				B1CEE03A16051DD70057A30C /* BlankFancyBackIphone@2x.png */,
				B1F1269F1605017F000C34ED /* BlankBackIphone@2x.png */,
				B1F126A01605017F000C34ED /* GamesBackIphone@2x.png */,
				B1F126A11605017F000C34ED /* OptionsBackIphone@2x.png */,
				B1F126A21605017F000C34ED /* ShopBackIphone@2x.png */,
			);
			name = Backgrounds;
			sourceTree = "<group>";
		};
		B1F6405815F2902200305D37 /* Login */ = {
			isa = PBXGroup;
			children = (
				B1EC2BA715EC5DFA00AC01BE /* NewUserViewController.h */,
				B1EC2BA815EC5DFA00AC01BE /* NewUserViewController.m */,
				B1C7F43315DB322D002C541D /* LoginViewController.h */,
				B1C7F43415DB322D002C541D /* LoginViewController.m */,
				B1EF851615F3B723006FB520 /* NetworkController.h */,
				B1EF851715F3B723006FB520 /* NetworkController.m */,
			);
			name = Login;
			sourceTree = "<group>";
		};
		B1F6405915F2903200305D37 /* TabView */ = {
			isa = PBXGroup;
			children = (
				B1F6405415F2900C00305D37 /* GameTabViewController.h */,
				B1F6405515F2900C00305D37 /* GameTabViewController.m */,
				B1CEE034160517110057A30C /* ShopTabViewController.h */,
				B1CEE035160517110057A30C /* ShopTabViewController.m */,
				B1CEE0371605179A0057A30C /* OptionsTabViewController.h */,
				B1CEE0381605179A0057A30C /* OptionsTabViewController.m */,
				B1EF851D15F3E851006FB520 /* NetworkStorageTabBarController.h */,
				B1EF851E15F3E851006FB520 /* NetworkStorageTabBarController.m */,
			);
			name = TabView;
			sourceTree = "<group>";
		};
		B1FAD0A81602F27200D920F9 /* Sayonaria_Art */ = {
			isa = PBXGroup;
			children = (
				B088B1DE1620773800A8F7C8 /* GameScreen */,
				B1FB3B801609696C00E5053B /* Buttons_Misc_Fixed */,
				B1CEE04216051E550057A30C /* Games_Table_Assets */,
				B1F1269E16050167000C34ED /* Backgrounds */,
				B1F1269516050116000C34ED /* Buttons */,
				B1FAD0A91602F27200D920F9 /* Loader */,
			);
			path = Sayonaria_Art;
			sourceTree = "<group>";
		};
		B1FAD0A91602F27200D920F9 /* Loader */ = {
			isa = PBXGroup;
			children = (
				B1F1265F1605002B000C34ED /* loader_sayonaria_version_05_A10000.png */,
				B1F126601605002B000C34ED /* loader_sayonaria_version_05_A10001.png */,
				B1F126611605002B000C34ED /* loader_sayonaria_version_05_A10002.png */,
				B1F126621605002B000C34ED /* loader_sayonaria_version_05_A10003.png */,
				B1F126631605002B000C34ED /* loader_sayonaria_version_05_A10004.png */,
				B1F126641605002B000C34ED /* loader_sayonaria_version_05_A10005.png */,
				B1F126651605002B000C34ED /* loader_sayonaria_version_05_A10006.png */,
				B1F126661605002B000C34ED /* loader_sayonaria_version_05_A10007.png */,
				B1F126671605002B000C34ED /* loader_sayonaria_version_05_A10008.png */,
				B1F126681605002B000C34ED /* loader_sayonaria_version_05_A10009.png */,
				B1F126691605002B000C34ED /* loader_sayonaria_version_05_A10010.png */,
				B1F1266A1605002B000C34ED /* loader_sayonaria_version_05_A10011.png */,
				B1F1266B1605002B000C34ED /* loader_sayonaria_version_05_A10012.png */,
				B1F1266C1605002B000C34ED /* loader_sayonaria_version_05_A10013.png */,
				B1F1266D1605002B000C34ED /* loader_sayonaria_version_05_A10014.png */,
				B1F1266E1605002B000C34ED /* loader_sayonaria_version_05_A10015.png */,
				B1F1266F1605002B000C34ED /* loader_sayonaria_version_05_A10016.png */,
				B1F126701605002B000C34ED /* loader_sayonaria_version_05_A10017.png */,
				B1F126711605002B000C34ED /* loader_sayonaria_version_05_A10018.png */,
				B1F126721605002B000C34ED /* loader_sayonaria_version_05_A10019.png */,
				B1F126731605002B000C34ED /* loader_sayonaria_version_05_A10020.png */,
				B1F126741605002B000C34ED /* loader_sayonaria_version_05_A10021.png */,
				B1F126751605002B000C34ED /* loader_sayonaria_version_05_A10022.png */,
				B1F126761605002B000C34ED /* loader_sayonaria_version_05_A10023.png */,
				B1F126771605002B000C34ED /* loader_sayonaria_version_05_A10024.png */,
				B1F126781605002B000C34ED /* loader_sayonaria_version_05_A10025.png */,
				B1F126791605002B000C34ED /* loader_sayonaria_version_05_A10026.png */,
			);
			path = Loader;
			sourceTree = "<group>";
		};
		B1FB3B801609696C00E5053B /* Buttons_Misc_Fixed */ = {
			isa = PBXGroup;
			children = (
				B1FB3B8516096B0000E5053B /* Medium_Block.png */,
				B1FB3B8416096B0000E5053B /* Large_Block.png */,
				B1FB3B8916096B0000E5053B /* Small_Button.png */,
				B1FB3B8716096B0000E5053B /* Medium_Button.png */,
				B1FB3B8616096B0000E5053B /* Medium_Button_2.png */,
				B1FB3B9316096B3900E5053B /* Medium_Button_3.png */,
				B1FB3B8816096B0000E5053B /* Play_Button.png */,
				B1FB3B9516096B4A00E5053B /* Shop_Button_FIX.png */,
				B1FB3B9116096B3100E5053B /* Options_Button_FIX.png */,
				B1FB3B8316096B0000E5053B /* Help_Button.png */,
				B1FB3B8116096AAA00E5053B /* Website_Button.png */,
				B1FB3B9716096B8000E5053B /* Text_Box_Back.png */,
			);
			name = Buttons_Misc_Fixed;
			sourceTree = "<group>";
		};
/* End PBXGroup section */

/* Begin PBXNativeTarget section */
		B13B30EE15D0C7BF003A4E89 /* SayonariaGame */ = {
			isa = PBXNativeTarget;
			buildConfigurationList = B13B311015D0C7BF003A4E89 /* Build configuration list for PBXNativeTarget "SayonariaGame" */;
			buildPhases = (
				B13B30EB15D0C7BF003A4E89 /* Sources */,
				B13B30EC15D0C7BF003A4E89 /* Frameworks */,
				B13B30ED15D0C7BF003A4E89 /* Resources */,
			);
			buildRules = (
			);
			dependencies = (
			);
			name = SayonariaGame;
			productName = SayonariaGame;
			productReference = B13B30EF15D0C7BF003A4E89 /* SayonariaGame.app */;
			productType = "com.apple.product-type.application";
		};
/* End PBXNativeTarget section */

/* Begin PBXProject section */
		B13B30E615D0C7BF003A4E89 /* Project object */ = {
			isa = PBXProject;
			attributes = {
				CLASSPREFIX = SSIGame;
				LastUpgradeCheck = 0430;
			};
			buildConfigurationList = B13B30E915D0C7BF003A4E89 /* Build configuration list for PBXProject "SayonariaGame" */;
			compatibilityVersion = "Xcode 3.2";
			developmentRegion = English;
			hasScannedForEncodings = 0;
			knownRegions = (
				en,
			);
			mainGroup = B13B30E415D0C7BF003A4E89;
			productRefGroup = B13B30F015D0C7BF003A4E89 /* Products */;
			projectDirPath = "";
			projectRoot = "";
			targets = (
				B13B30EE15D0C7BF003A4E89 /* SayonariaGame */,
			);
		};
/* End PBXProject section */

/* Begin PBXResourcesBuildPhase section */
		B13B30ED15D0C7BF003A4E89 /* Resources */ = {
			isa = PBXResourcesBuildPhase;
			buildActionMask = 2147483647;
			files = (
				B13B30FE15D0C7BF003A4E89 /* InfoPlist.strings in Resources */,
				B13B310715D0C7BF003A4E89 /* MainStoryboard_iPhone.storyboard in Resources */,
				B13B310A15D0C7BF003A4E89 /* MainStoryboard_iPad.storyboard in Resources */,
				B1FACDFB1602EEA600D920F9 /* SayonariaIphoneIcon.png in Resources */,
				B1FACDFE1602EECE00D920F9 /* SayonariaIphoneIcon@2x.png in Resources */,
				B1FACE001602EF5E00D920F9 /* SayonariaIpadIcon.png in Resources */,
				B1FACE021602EF7000D920F9 /* SayonariaIpadIcon@2x.png in Resources */,
				B1CEE03316050AB90057A30C /* BAUHS93.TTF in Resources */,
				B1F1267A1605002B000C34ED /* loader_sayonaria_version_05_A10000.png in Resources */,
				B1F1267B1605002B000C34ED /* loader_sayonaria_version_05_A10001.png in Resources */,
				B1F1267C1605002B000C34ED /* loader_sayonaria_version_05_A10002.png in Resources */,
				B1F1267D1605002B000C34ED /* loader_sayonaria_version_05_A10003.png in Resources */,
				B1F1267E1605002B000C34ED /* loader_sayonaria_version_05_A10004.png in Resources */,
				B1F1267F1605002B000C34ED /* loader_sayonaria_version_05_A10005.png in Resources */,
				B1F126801605002B000C34ED /* loader_sayonaria_version_05_A10006.png in Resources */,
				B1F126811605002B000C34ED /* loader_sayonaria_version_05_A10007.png in Resources */,
				B1F126821605002B000C34ED /* loader_sayonaria_version_05_A10008.png in Resources */,
				B1F126831605002B000C34ED /* loader_sayonaria_version_05_A10009.png in Resources */,
				B1F126841605002B000C34ED /* loader_sayonaria_version_05_A10010.png in Resources */,
				B1F126851605002B000C34ED /* loader_sayonaria_version_05_A10011.png in Resources */,
				B1F126861605002B000C34ED /* loader_sayonaria_version_05_A10012.png in Resources */,
				B1F126871605002B000C34ED /* loader_sayonaria_version_05_A10013.png in Resources */,
				B1F126881605002B000C34ED /* loader_sayonaria_version_05_A10014.png in Resources */,
				B1F126891605002B000C34ED /* loader_sayonaria_version_05_A10015.png in Resources */,
				B1F1268A1605002B000C34ED /* loader_sayonaria_version_05_A10016.png in Resources */,
				B1F1268B1605002B000C34ED /* loader_sayonaria_version_05_A10017.png in Resources */,
				B1F1268C1605002B000C34ED /* loader_sayonaria_version_05_A10018.png in Resources */,
				B1F1268D1605002B000C34ED /* loader_sayonaria_version_05_A10019.png in Resources */,
				B1F1268E1605002B000C34ED /* loader_sayonaria_version_05_A10020.png in Resources */,
				B1F1268F1605002B000C34ED /* loader_sayonaria_version_05_A10021.png in Resources */,
				B1F126901605002B000C34ED /* loader_sayonaria_version_05_A10022.png in Resources */,
				B1F126911605002B000C34ED /* loader_sayonaria_version_05_A10023.png in Resources */,
				B1F126921605002B000C34ED /* loader_sayonaria_version_05_A10024.png in Resources */,
				B1F126931605002B000C34ED /* loader_sayonaria_version_05_A10025.png in Resources */,
				B1F126941605002B000C34ED /* loader_sayonaria_version_05_A10026.png in Resources */,
				B1F1269A16050158000C34ED /* Generic_Button.png in Resources */,
				B1F1269B16050158000C34ED /* Options_Button.png in Resources */,
				B1F1269C16050158000C34ED /* Shop_Button.png in Resources */,
				B1F1269D16050158000C34ED /* Start_Button.png in Resources */,
				B1F126A31605017F000C34ED /* BlankBackIphone@2x.png in Resources */,
				B1F126A41605017F000C34ED /* GamesBackIphone@2x.png in Resources */,
				B1F126A51605017F000C34ED /* OptionsBackIphone@2x.png in Resources */,
				B1F126A61605017F000C34ED /* ShopBackIphone@2x.png in Resources */,
				B1CEE03B16051DD70057A30C /* BlankFancyBackIphone@2x.png in Resources */,
				B1CEE03F16051E4F0057A30C /* Generic_Button_2.png in Resources */,
				B1CEE04016051E4F0057A30C /* Generic_Button_3.png in Resources */,
				B1CEE04116051E4F0057A30C /* Generic_Button_4.png in Resources */,
				B1CEE04416051E6B0057A30C /* Game_Table_Cell.png in Resources */,
				B1CEE0461605323E0057A30C /* SplashArtIphone@2x.png in Resources */,
				B1FB3B8216096AAA00E5053B /* Website_Button.png in Resources */,
				B1FB3B8A16096B0000E5053B /* Help_Button.png in Resources */,
				B1FB3B8B16096B0000E5053B /* Large_Block.png in Resources */,
				B1FB3B8C16096B0000E5053B /* Medium_Block.png in Resources */,
				B1FB3B8D16096B0000E5053B /* Medium_Button_2.png in Resources */,
				B1FB3B8E16096B0000E5053B /* Medium_Button.png in Resources */,
				B1FB3B8F16096B0000E5053B /* Play_Button.png in Resources */,
				B1FB3B9016096B0000E5053B /* Small_Button.png in Resources */,
				B1FB3B9216096B3100E5053B /* Options_Button_FIX.png in Resources */,
				B1FB3B9416096B3900E5053B /* Medium_Button_3.png in Resources */,
				B1FB3B9616096B4A00E5053B /* Shop_Button_FIX.png in Resources */,
				B1FB3B9816096B8000E5053B /* Text_Box_Back.png in Resources */,
				B088B1E41620784100A8F7C8 /* Inactive Coal.png in Resources */,
				B088B1E51620784100A8F7C8 /* Inactive Diamond.png in Resources */,
				B088B1E61620784100A8F7C8 /* Inactive Gold.png in Resources */,
				B088B1E71620784100A8F7C8 /* Inactive Neutral.png in Resources */,
				B088B1E81620784100A8F7C8 /* Inactive Silica.png in Resources */,
				B088B1EC16207BE100A8F7C8 /* Diamond Background.png in Resources */,
				B088B1ED16207BE100A8F7C8 /* Gold Background.png in Resources */,
				B088B1EE16207BE100A8F7C8 /* Coal Background.png in Resources */,
				B088B1F01620930800A8F7C8 /* Active Coal.png in Resources */,
				B088B200162099BD00A8F7C8 /* simpsoci_coal_tile_apear_anim_v001013.png in Resources */,
				B088B201162099BD00A8F7C8 /* simpsoci_coal_tile_apear_anim_v001000.png in Resources */,
				B088B202162099BD00A8F7C8 /* simpsoci_coal_tile_apear_anim_v001001.png in Resources */,
				B088B203162099BD00A8F7C8 /* simpsoci_coal_tile_apear_anim_v001002.png in Resources */,
				B088B204162099BD00A8F7C8 /* simpsoci_coal_tile_apear_anim_v001003.png in Resources */,
				B088B205162099BD00A8F7C8 /* simpsoci_coal_tile_apear_anim_v001004.png in Resources */,
				B088B206162099BD00A8F7C8 /* simpsoci_coal_tile_apear_anim_v001005.png in Resources */,
				B088B207162099BD00A8F7C8 /* simpsoci_coal_tile_apear_anim_v001006.png in Resources */,
				B088B208162099BD00A8F7C8 /* simpsoci_coal_tile_apear_anim_v001007.png in Resources */,
				B088B209162099BD00A8F7C8 /* simpsoci_coal_tile_apear_anim_v001008.png in Resources */,
				B088B20A162099BD00A8F7C8 /* simpsoci_coal_tile_apear_anim_v001009.png in Resources */,
				B088B20B162099BD00A8F7C8 /* simpsoci_coal_tile_apear_anim_v001010.png in Resources */,
				B088B20C162099BD00A8F7C8 /* simpsoci_coal_tile_apear_anim_v001011.png in Resources */,
				B088B20D162099BD00A8F7C8 /* simpsoci_coal_tile_apear_anim_v001012.png in Resources */,
				B088B22516209B6B00A8F7C8 /* simpsoci_coal_tile_apear_anim_v01_000.png in Resources */,
				B088B22616209B6B00A8F7C8 /* simpsoci_coal_tile_apear_anim_v01_001.png in Resources */,
				B088B22716209B6B00A8F7C8 /* simpsoci_coal_tile_apear_anim_v01_002.png in Resources */,
				B088B22816209B6B00A8F7C8 /* simpsoci_coal_tile_apear_anim_v01_003.png in Resources */,
				B088B22916209B6B00A8F7C8 /* simpsoci_coal_tile_apear_anim_v01_004.png in Resources */,
				B088B22A16209B6B00A8F7C8 /* simpsoci_coal_tile_apear_anim_v01_005.png in Resources */,
				B088B22B16209B6B00A8F7C8 /* simpsoci_coal_tile_apear_anim_v01_006.png in Resources */,
				B088B22C16209B6B00A8F7C8 /* simpsoci_coal_tile_apear_anim_v01_007.png in Resources */,
				B088B22D16209B6B00A8F7C8 /* simpsoci_coal_tile_apear_anim_v01_008.png in Resources */,
				B088B22E16209B6B00A8F7C8 /* simpsoci_coal_tile_apear_anim_v01_009.png in Resources */,
				B088B22F16209B6B00A8F7C8 /* simpsoci_coal_tile_apear_anim_v01_010.png in Resources */,
				B088B23016209B6B00A8F7C8 /* simpsoci_coal_tile_apear_anim_v01_011.png in Resources */,
				B088B23116209B6B00A8F7C8 /* simpsoci_coal_tile_apear_anim_v01_012.png in Resources */,
				B088B23216209B6B00A8F7C8 /* simpsoci_coal_tile_apear_anim_v01_013.png in Resources */,
				B088B23316209B6B00A8F7C8 /* simpsoci_coal_tile_apear_anim_v01_014.png in Resources */,
				B088B23416209B6B00A8F7C8 /* simpsoci_coal_tile_apear_anim_v01_015.png in Resources */,
				B088B23516209B6B00A8F7C8 /* simpsoci_coal_tile_apear_anim_v01_016.png in Resources */,
				B088B23616209B6B00A8F7C8 /* simpsoci_coal_tile_apear_anim_v01_017.png in Resources */,
				B088B23716209B6B00A8F7C8 /* simpsoci_coal_tile_apear_anim_v01_018.png in Resources */,
				B088B23816209B6B00A8F7C8 /* simpsoci_coal_tile_apear_anim_v01_019.png in Resources */,
				B088B23916209B6B00A8F7C8 /* simpsoci_coal_tile_apear_anim_v01_020.png in Resources */,
				B088B23A16209B6B00A8F7C8 /* simpsoci_coal_tile_apear_anim_v01_021.png in Resources */,
				B088B23B16209B6B00A8F7C8 /* simpsoci_coal_tile_apear_anim_v01_022.png in Resources */,
			);
			runOnlyForDeploymentPostprocessing = 0;
		};
/* End PBXResourcesBuildPhase section */

/* Begin PBXSourcesBuildPhase section */
		B13B30EB15D0C7BF003A4E89 /* Sources */ = {
			isa = PBXSourcesBuildPhase;
			buildActionMask = 2147483647;
			files = (
				B13B310015D0C7BF003A4E89 /* main.m in Sources */,
				B13B310415D0C7BF003A4E89 /* SSIGameAppDelegate.m in Sources */,
				B1C7F43515DB322D002C541D /* LoginViewController.m in Sources */,
				B1C7F43815DB3CC3002C541D /* LoadingView.m in Sources */,
				B1EC2BA915EC5DFA00AC01BE /* NewUserViewController.m in Sources */,
				B1F6405615F2900C00305D37 /* GameTabViewController.m in Sources */,
				B1EF851815F3B723006FB520 /* NetworkController.m in Sources */,
				B1EF851F15F3E851006FB520 /* NetworkStorageTabBarController.m in Sources */,
				B0CB261B15F505A600CFC943 /* GameScreenViewController.m in Sources */,
				B1CEE036160517110057A30C /* ShopTabViewController.m in Sources */,
				B1CEE0391605179A0057A30C /* OptionsTabViewController.m in Sources */,
			);
			runOnlyForDeploymentPostprocessing = 0;
		};
/* End PBXSourcesBuildPhase section */

/* Begin PBXVariantGroup section */
		B13B30FC15D0C7BF003A4E89 /* InfoPlist.strings */ = {
			isa = PBXVariantGroup;
			children = (
				B13B30FD15D0C7BF003A4E89 /* en */,
			);
			name = InfoPlist.strings;
			sourceTree = "<group>";
		};
		B13B310515D0C7BF003A4E89 /* MainStoryboard_iPhone.storyboard */ = {
			isa = PBXVariantGroup;
			children = (
				B13B310615D0C7BF003A4E89 /* en */,
			);
			name = MainStoryboard_iPhone.storyboard;
			sourceTree = "<group>";
		};
		B13B310815D0C7BF003A4E89 /* MainStoryboard_iPad.storyboard */ = {
			isa = PBXVariantGroup;
			children = (
				B13B310915D0C7BF003A4E89 /* en */,
			);
			name = MainStoryboard_iPad.storyboard;
			sourceTree = "<group>";
		};
/* End PBXVariantGroup section */

/* Begin XCBuildConfiguration section */
		B13B310E15D0C7BF003A4E89 /* Debug */ = {
			isa = XCBuildConfiguration;
			buildSettings = {
				ALWAYS_SEARCH_USER_PATHS = NO;
				ARCHS = "$(ARCHS_STANDARD_32_BIT)";
				CLANG_ENABLE_OBJC_ARC = YES;
				"CODE_SIGN_IDENTITY[sdk=iphoneos*]" = "iPhone Developer";
				COPY_PHASE_STRIP = NO;
				GCC_C_LANGUAGE_STANDARD = gnu99;
				GCC_DYNAMIC_NO_PIC = NO;
				GCC_OPTIMIZATION_LEVEL = 0;
				GCC_PREPROCESSOR_DEFINITIONS = (
					"DEBUG=1",
					"$(inherited)",
				);
				GCC_SYMBOLS_PRIVATE_EXTERN = NO;
				GCC_VERSION = com.apple.compilers.llvm.clang.1_0;
				GCC_WARN_ABOUT_RETURN_TYPE = YES;
				GCC_WARN_UNINITIALIZED_AUTOS = YES;
				GCC_WARN_UNUSED_VARIABLE = YES;
				IPHONEOS_DEPLOYMENT_TARGET = 5.1;
				SDKROOT = iphoneos;
				TARGETED_DEVICE_FAMILY = "1,2";
			};
			name = Debug;
		};
		B13B310F15D0C7BF003A4E89 /* Release */ = {
			isa = XCBuildConfiguration;
			buildSettings = {
				ALWAYS_SEARCH_USER_PATHS = NO;
				ARCHS = "$(ARCHS_STANDARD_32_BIT)";
				CLANG_ENABLE_OBJC_ARC = YES;
				"CODE_SIGN_IDENTITY[sdk=iphoneos*]" = "iPhone Developer";
				COPY_PHASE_STRIP = YES;
				GCC_C_LANGUAGE_STANDARD = gnu99;
				GCC_VERSION = com.apple.compilers.llvm.clang.1_0;
				GCC_WARN_ABOUT_RETURN_TYPE = YES;
				GCC_WARN_UNINITIALIZED_AUTOS = YES;
				GCC_WARN_UNUSED_VARIABLE = YES;
				IPHONEOS_DEPLOYMENT_TARGET = 5.1;
				OTHER_CFLAGS = "-DNS_BLOCK_ASSERTIONS=1";
				SDKROOT = iphoneos;
				TARGETED_DEVICE_FAMILY = "1,2";
				VALIDATE_PRODUCT = YES;
			};
			name = Release;
		};
		B13B311115D0C7BF003A4E89 /* Debug */ = {
			isa = XCBuildConfiguration;
			buildSettings = {
				GCC_PRECOMPILE_PREFIX_HEADER = YES;
				GCC_PREFIX_HEADER = "SayonariaGame/SayonariaGame-Prefix.pch";
				INFOPLIST_FILE = "SayonariaGame/SayonariaGame-Info.plist";
				PRODUCT_NAME = "$(TARGET_NAME)";
				WRAPPER_EXTENSION = app;
			};
			name = Debug;
		};
		B13B311215D0C7BF003A4E89 /* Release */ = {
			isa = XCBuildConfiguration;
			buildSettings = {
				GCC_PRECOMPILE_PREFIX_HEADER = YES;
				GCC_PREFIX_HEADER = "SayonariaGame/SayonariaGame-Prefix.pch";
				INFOPLIST_FILE = "SayonariaGame/SayonariaGame-Info.plist";
				PRODUCT_NAME = "$(TARGET_NAME)";
				WRAPPER_EXTENSION = app;
			};
			name = Release;
		};
/* End XCBuildConfiguration section */

/* Begin XCConfigurationList section */
		B13B30E915D0C7BF003A4E89 /* Build configuration list for PBXProject "SayonariaGame" */ = {
			isa = XCConfigurationList;
			buildConfigurations = (
				B13B310E15D0C7BF003A4E89 /* Debug */,
				B13B310F15D0C7BF003A4E89 /* Release */,
			);
			defaultConfigurationIsVisible = 0;
			defaultConfigurationName = Release;
		};
		B13B311015D0C7BF003A4E89 /* Build configuration list for PBXNativeTarget "SayonariaGame" */ = {
			isa = XCConfigurationList;
			buildConfigurations = (
				B13B311115D0C7BF003A4E89 /* Debug */,
				B13B311215D0C7BF003A4E89 /* Release */,
			);
			defaultConfigurationIsVisible = 0;
			defaultConfigurationName = Release;
		};
/* End XCConfigurationList section */
	};
	rootObject = B13B30E615D0C7BF003A4E89 /* Project object */;
}
